
Microsoft Visual Studio Solution File, Format Version 12.00
# Visual Studio Version 17
VisualStudioVersion = 17.5.33627.172
MinimumVisualStudioVersion = 10.0.40219.1
Project("{FAE04EC0-301F-11D3-BF4B-00C04F79EFBC}") = "Google Translate API", "Google Translate API\Google Translate API.csproj", "{8B129E57-C169-42B8-B3C5-3356FD11C563}"
EndProject
Global
	GlobalSection(SolutionConfigurationPlatforms) = preSolution
		Debug|Any CPU = Debug|Any CPU
		Release|Any CPU = Release|Any CPU
	EndGlobalSection
	GlobalSection(ProjectConfigurationPlatforms) = postSolution
		{8B129E57-C169-42B8-B3C5-3356FD11C563}.Debug|Any CPU.ActiveCfg = Debug|Any CPU
		{8B129E57-C169-42B8-B3C5-3356FD11C563}.Debug|Any CPU.Build.0 = Debug|Any CPU
		{8B129E57-C169-42B8-B3C5-3356FD11C563}.Release|Any CPU.ActiveCfg = Release|Any CPU
		{8B129E57-C169-42B8-B3C5-3356FD11C563}.Release|Any CPU.Build.0 = Release|Any CPU
	EndGlobalSection
	GlobalSection(SolutionProperties) = preSolution
		HideSolutionNode = FALSE
	EndGlobalSection
	GlobalSection(ExtensibilityGlobals) = postSolution
		SolutionGuid = {AD6ECE07-E39A-402D-8871-A4F9B0D98E49}
	EndGlobalSection
EndGlobal
